{
    "_readme": [
        "This file locks the dependencies of your project to a known state",
        "Read more about it at https://getcomposer.org/doc/01-basic-usage.md#installing-dependencies",
        "This file is @generated automatically"
    ],
    "content-hash": "e08aed5f855455e351d93532227a2d24",
    "packages": [
        {
            "name": "nikic/php-parser",
            "version": "v4.10.4",
            "source": {
                "type": "git",
                "url": "https://github.com/nikic/PHP-Parser.git",
                "reference": "c6d052fc58cb876152f89f532b95a8d7907e7f0e"
            },
            "dist": {
                "type": "zip",
                "url": "https://api.github.com/repos/nikic/PHP-Parser/zipball/c6d052fc58cb876152f89f532b95a8d7907e7f0e",
                "reference": "c6d052fc58cb876152f89f532b95a8d7907e7f0e",
                "shasum": ""
            },
            "require": {
                "ext-tokenizer": "*",
                "php": ">=7.0"
            },
            "require-dev": {
                "ircmaxell/php-yacc": "^0.0.7",
                "phpunit/phpunit": "^6.5 || ^7.0 || ^8.0 || ^9.0"
            },
            "bin": [
                "bin/php-parse"
            ],
            "type": "library",
            "extra": {
                "branch-alias": {
                    "dev-master": "4.9-dev"
                }
            },
            "autoload": {
                "psr-4": {
                    "PhpParser\\": "lib/PhpParser"
                }
            },
            "notification-url": "https://packagist.org/downloads/",
            "license": [
                "BSD-3-Clause"
            ],
            "authors": [
                {
                    "name": "Nikita Popov"
                }
            ],
            "description": "A PHP parser written in PHP",
            "keywords": [
                "parser",
                "php"
            ],
            "support": {
                "issues": "https://github.com/nikic/PHP-Parser/issues",
                "source": "https://github.com/nikic/PHP-Parser/tree/v4.10.4"
            },
            "time": "2020-12-20T10:01:03+00:00"
        },
        {
            "name": "phpunit/php-timer",
            "version": "5.0.3",
            "source": {
                "type": "git",
                "url": "https://github.com/sebastianbergmann/php-timer.git",
                "reference": "5a63ce20ed1b5bf577850e2c4e87f4aa902afbd2"
            },
            "dist": {
                "type": "zip",
                "url": "https://api.github.com/repos/sebastianbergmann/php-timer/zipball/5a63ce20ed1b5bf577850e2c4e87f4aa902afbd2",
                "reference": "5a63ce20ed1b5bf577850e2c4e87f4aa902afbd2",
                "shasum": ""
            },
            "require": {
                "php": ">=7.3"
            },
            "require-dev": {
                "phpunit/phpunit": "^9.3"
            },
            "type": "library",
            "extra": {
                "branch-alias": {
                    "dev-master": "5.0-dev"
                }
            },
            "autoload": {
                "classmap": [
                    "src/"
                ]
            },
            "notification-url": "https://packagist.org/downloads/",
            "license": [
                "BSD-3-Clause"
            ],
            "authors": [
                {
                    "name": "Sebastian Bergmann",
                    "email": "sebastian@phpunit.de",
                    "role": "lead"
                }
            ],
            "description": "Utility class for timing",
            "homepage": "https://github.com/sebastianbergmann/php-timer/",
            "keywords": [
                "timer"
            ],
            "support": {
                "issues": "https://github.com/sebastianbergmann/php-timer/issues",
                "source": "https://github.com/sebastianbergmann/php-timer/tree/5.0.3"
            },
            "funding": [
                {
                    "url": "https://github.com/sebastianbergmann",
                    "type": "github"
                }
            ],
            "time": "2020-10-26T13:16:10+00:00"
        },
        {
            "name": "theseer/directoryscanner",
            "version": "1.3.2",
            "source": {
                "type": "git",
                "url": "https://github.com/theseer/DirectoryScanner.git",
                "reference": "549aa9fdbc47d50365db42d9ade35fdef65f854c"
            },
            "dist": {
                "type": "zip",
                "url": "https://api.github.com/repos/theseer/DirectoryScanner/zipball/549aa9fdbc47d50365db42d9ade35fdef65f854c",
                "reference": "549aa9fdbc47d50365db42d9ade35fdef65f854c",
                "shasum": ""
            },
            "require": {
                "php": ">=5.3.1"
            },
            "type": "library",
            "extra": {
                "branch-alias": {
                    "dev-master": "1.0.x-dev"
                }
            },
            "autoload": {
                "classmap": [
                    "src/"
                ]
            },
            "notification-url": "https://packagist.org/downloads/",
            "license": [
                "BSD-2-Clause"
            ],
            "authors": [
                {
                    "name": "Arne Blankerts",
                    "email": "arne@blankerts.de",
                    "role": "Developer"
                }
            ],
            "description": "A recursive directory scanner and filter",
            "support": {
                "issues": "https://github.com/theseer/DirectoryScanner/issues",
                "source": "https://github.com/theseer/DirectoryScanner/tree/master"
            },
            "time": "2015-03-24T21:28:20+00:00"
        },
        {
            "name": "theseer/fdomdocument",
            "version": "1.6.6",
            "source": {
                "type": "git",
                "url": "https://github.com/theseer/fDOMDocument.git",
                "reference": "6e8203e40a32a9c770bcb62fe37e68b948da6dca"
            },
            "dist": {
                "type": "zip",
                "url": "https://api.github.com/repos/theseer/fDOMDocument/zipball/6e8203e40a32a9c770bcb62fe37e68b948da6dca",
                "reference": "6e8203e40a32a9c770bcb62fe37e68b948da6dca",
                "shasum": ""
            },
            "require": {
                "ext-dom": "*",
                "lib-libxml": "*",
                "php": ">=5.3.3"
            },
            "type": "library",
            "autoload": {
                "classmap": [
                    "src/"
                ]
            },
            "notification-url": "https://packagist.org/downloads/",
            "license": [
                "BSD-3-Clause"
            ],
            "authors": [
                {
                    "name": "Arne Blankerts",
                    "email": "arne@blankerts.de",
                    "role": "lead"
                }
            ],
            "description": "The classes contained within this repository extend the standard DOM to use exceptions at all occasions of errors instead of PHP warnings or notices. They also add various custom methods and shortcuts for convenience and to simplify the usage of DOM.",
            "homepage": "https://github.com/theseer/fDOMDocument",
            "support": {
                "issues": "https://github.com/theseer/fDOMDocument/issues",
                "source": "https://github.com/theseer/fDOMDocument/tree/master"
            },
            "time": "2017-06-30T11:53:12+00:00"
        }
    ],
    "packages-dev": [],
    "aliases": [],
    "minimum-stability": "dev",
    "stability-flags": [],
    "prefer-stable": true,
    "prefer-lowest": false,
    "platform": {
        "php": ">=7.1",
        "ext-tokenizer": "*",
        "ext-dom": "*",
        "ext-xsl": "*",
        "ext-iconv": "*",
        "ext-fileinfo": "*",
        "ext-mbstring": "*"
    },
    "platform-dev": [],
    "plugin-api-version": "2.0.0"
}
